
Microsoft Visual Studio Solution File, Format Version 12.00
# Visual Studio Version 17
VisualStudioVersion = 17.0.31903.59
MinimumVisualStudioVersion = 10.0.40219.1
Project("{2150E333-8FDC-42A3-9474-1A3956D46DE8}") = "src", "src", "{827E0CD3-B72D-47B6-A68D-7590B98EB39B}"
EndProject
Project("{2150E333-8FDC-42A3-9474-1A3956D46DE8}") = "tests", "tests", "{0AB3BF05-4346-4AA6-1389-037BE0695223}"
EndProject
Project("{FAE04EC0-301F-11D3-BF4B-00C04F79EFBC}") = "CrossLedgerWeb.Domain", "src\CrossLedgerWeb.Domain\CrossLedgerWeb.Domain.csproj", "{31F2B5C4-AA79-4CC7-86BF-7DCA18228F84}"
EndProject
Project("{FAE04EC0-301F-11D3-BF4B-00C04F79EFBC}") = "CrossLedgerWeb.Application", "src\CrossLedgerWeb.Application\CrossLedgerWeb.Application.csproj", "{10D3AB95-7108-4416-8CCC-461B8898A0AC}"
EndProject
Project("{FAE04EC0-301F-11D3-BF4B-00C04F79EFBC}") = "CrossLedgerWeb.Infrastructure", "src\CrossLedgerWeb.Infrastructure\CrossLedgerWeb.Infrastructure.csproj", "{C50E236B-5BAE-41E9-A675-C979B6CE18B1}"
EndProject
Project("{FAE04EC0-301F-11D3-BF4B-00C04F79EFBC}") = "CrossLedgerWeb.Providers", "src\CrossLedgerWeb.Providers\CrossLedgerWeb.Providers.csproj", "{129CEB28-2035-48DF-8DDF-D194BA53C653}"
EndProject
Project("{FAE04EC0-301F-11D3-BF4B-00C04F79EFBC}") = "CrossLedgerWeb.Api", "src\CrossLedgerWeb.Api\CrossLedgerWeb.Api.csproj", "{6917D92F-B098-4AE6-8105-28AB4AA1783E}"
EndProject
Project("{FAE04EC0-301F-11D3-BF4B-00C04F79EFBC}") = "CrossLedgerWeb.Shared", "src\CrossLedgerWeb.Shared\CrossLedgerWeb.Shared.csproj", "{BC94E56B-7CAB-4C9A-BFA0-4C756CC11165}"
EndProject
Project("{FAE04EC0-301F-11D3-BF4B-00C04F79EFBC}") = "CrossLedgerWeb.Domain.Tests", "tests\CrossLedgerWeb.Domain.Tests\CrossLedgerWeb.Domain.Tests.csproj", "{FC9B0919-5F38-4281-BC2D-A80701350FE8}"
EndProject
Project("{FAE04EC0-301F-11D3-BF4B-00C04F79EFBC}") = "CrossLedgerWeb.Application.Tests", "tests\CrossLedgerWeb.Application.Tests\CrossLedgerWeb.Application.Tests.csproj", "{B2B94E8B-8C37-419E-B728-528A40FB24D8}"
EndProject
Project("{FAE04EC0-301F-11D3-BF4B-00C04F79EFBC}") = "CrossLedgerWeb.Integration.Tests", "tests\CrossLedgerWeb.Integration.Tests\CrossLedgerWeb.Integration.Tests.csproj", "{3F0DC02F-EDE3-4A9D-AF4F-B43C94F5C8A0}"
EndProject
Project("{FAE04EC0-301F-11D3-BF4B-00C04F79EFBC}") = "CrossLedgerWeb.LoadTests", "tests\CrossLedgerWeb.LoadTests\CrossLedgerWeb.LoadTests.csproj", "{8C19D13C-F7E0-4EF0-85EC-35379C067882}"
EndProject
Global
	GlobalSection(SolutionConfigurationPlatforms) = preSolution
		Debug|Any CPU = Debug|Any CPU
		Debug|x64 = Debug|x64
		Debug|x86 = Debug|x86
		Release|Any CPU = Release|Any CPU
		Release|x64 = Release|x64
		Release|x86 = Release|x86
	EndGlobalSection
	GlobalSection(ProjectConfigurationPlatforms) = postSolution
		{31F2B5C4-AA79-4CC7-86BF-7DCA18228F84}.Debug|Any CPU.ActiveCfg = Debug|Any CPU
		{31F2B5C4-AA79-4CC7-86BF-7DCA18228F84}.Debug|Any CPU.Build.0 = Debug|Any CPU
		{31F2B5C4-AA79-4CC7-86BF-7DCA18228F84}.Debug|x64.ActiveCfg = Debug|Any CPU
		{31F2B5C4-AA79-4CC7-86BF-7DCA18228F84}.Debug|x64.Build.0 = Debug|Any CPU
		{31F2B5C4-AA79-4CC7-86BF-7DCA18228F84}.Debug|x86.ActiveCfg = Debug|Any CPU
		{31F2B5C4-AA79-4CC7-86BF-7DCA18228F84}.Debug|x86.Build.0 = Debug|Any CPU
		{31F2B5C4-AA79-4CC7-86BF-7DCA18228F84}.Release|Any CPU.ActiveCfg = Release|Any CPU
		{31F2B5C4-AA79-4CC7-86BF-7DCA18228F84}.Release|Any CPU.Build.0 = Release|Any CPU
		{31F2B5C4-AA79-4CC7-86BF-7DCA18228F84}.Release|x64.ActiveCfg = Release|Any CPU
		{31F2B5C4-AA79-4CC7-86BF-7DCA18228F84}.Release|x64.Build.0 = Release|Any CPU
		{31F2B5C4-AA79-4CC7-86BF-7DCA18228F84}.Release|x86.ActiveCfg = Release|Any CPU
		{31F2B5C4-AA79-4CC7-86BF-7DCA18228F84}.Release|x86.Build.0 = Release|Any CPU
		{10D3AB95-7108-4416-8CCC-461B8898A0AC}.Debug|Any CPU.ActiveCfg = Debug|Any CPU
		{10D3AB95-7108-4416-8CCC-461B8898A0AC}.Debug|Any CPU.Build.0 = Debug|Any CPU
		{10D3AB95-7108-4416-8CCC-461B8898A0AC}.Debug|x64.ActiveCfg = Debug|Any CPU
		{10D3AB95-7108-4416-8CCC-461B8898A0AC}.Debug|x64.Build.0 = Debug|Any CPU
		{10D3AB95-7108-4416-8CCC-461B8898A0AC}.Debug|x86.ActiveCfg = Debug|Any CPU
		{10D3AB95-7108-4416-8CCC-461B8898A0AC}.Debug|x86.Build.0 = Debug|Any CPU
		{10D3AB95-7108-4416-8CCC-461B8898A0AC}.Release|Any CPU.ActiveCfg = Release|Any CPU
		{10D3AB95-7108-4416-8CCC-461B8898A0AC}.Release|Any CPU.Build.0 = Release|Any CPU
		{10D3AB95-7108-4416-8CCC-461B8898A0AC}.Release|x64.ActiveCfg = Release|Any CPU
		{10D3AB95-7108-4416-8CCC-461B8898A0AC}.Release|x64.Build.0 = Release|Any CPU
		{10D3AB95-7108-4416-8CCC-461B8898A0AC}.Release|x86.ActiveCfg = Release|Any CPU
		{10D3AB95-7108-4416-8CCC-461B8898A0AC}.Release|x86.Build.0 = Release|Any CPU
		{C50E236B-5BAE-41E9-A675-C979B6CE18B1}.Debug|Any CPU.ActiveCfg = Debug|Any CPU
		{C50E236B-5BAE-41E9-A675-C979B6CE18B1}.Debug|Any CPU.Build.0 = Debug|Any CPU
		{C50E236B-5BAE-41E9-A675-C979B6CE18B1}.Debug|x64.ActiveCfg = Debug|Any CPU
		{C50E236B-5BAE-41E9-A675-C979B6CE18B1}.Debug|x64.Build.0 = Debug|Any CPU
		{C50E236B-5BAE-41E9-A675-C979B6CE18B1}.Debug|x86.ActiveCfg = Debug|Any CPU
		{C50E236B-5BAE-41E9-A675-C979B6CE18B1}.Debug|x86.Build.0 = Debug|Any CPU
		{C50E236B-5BAE-41E9-A675-C979B6CE18B1}.Release|Any CPU.ActiveCfg = Release|Any CPU
		{C50E236B-5BAE-41E9-A675-C979B6CE18B1}.Release|Any CPU.Build.0 = Release|Any CPU
		{C50E236B-5BAE-41E9-A675-C979B6CE18B1}.Release|x64.ActiveCfg = Release|Any CPU
		{C50E236B-5BAE-41E9-A675-C979B6CE18B1}.Release|x64.Build.0 = Release|Any CPU
		{C50E236B-5BAE-41E9-A675-C979B6CE18B1}.Release|x86.ActiveCfg = Release|Any CPU
		{C50E236B-5BAE-41E9-A675-C979B6CE18B1}.Release|x86.Build.0 = Release|Any CPU
		{129CEB28-2035-48DF-8DDF-D194BA53C653}.Debug|Any CPU.ActiveCfg = Debug|Any CPU
		{129CEB28-2035-48DF-8DDF-D194BA53C653}.Debug|Any CPU.Build.0 = Debug|Any CPU
		{129CEB28-2035-48DF-8DDF-D194BA53C653}.Debug|x64.ActiveCfg = Debug|Any CPU
		{129CEB28-2035-48DF-8DDF-D194BA53C653}.Debug|x64.Build.0 = Debug|Any CPU
		{129CEB28-2035-48DF-8DDF-D194BA53C653}.Debug|x86.ActiveCfg = Debug|Any CPU
		{129CEB28-2035-48DF-8DDF-D194BA53C653}.Debug|x86.Build.0 = Debug|Any CPU
		{129CEB28-2035-48DF-8DDF-D194BA53C653}.Release|Any CPU.ActiveCfg = Release|Any CPU
		{129CEB28-2035-48DF-8DDF-D194BA53C653}.Release|Any CPU.Build.0 = Release|Any CPU
		{129CEB28-2035-48DF-8DDF-D194BA53C653}.Release|x64.ActiveCfg = Release|Any CPU
		{129CEB28-2035-48DF-8DDF-D194BA53C653}.Release|x64.Build.0 = Release|Any CPU
		{129CEB28-2035-48DF-8DDF-D194BA53C653}.Release|x86.ActiveCfg = Release|Any CPU
		{129CEB28-2035-48DF-8DDF-D194BA53C653}.Release|x86.Build.0 = Release|Any CPU
		{6917D92F-B098-4AE6-8105-28AB4AA1783E}.Debug|Any CPU.ActiveCfg = Debug|Any CPU
		{6917D92F-B098-4AE6-8105-28AB4AA1783E}.Debug|Any CPU.Build.0 = Debug|Any CPU
		{6917D92F-B098-4AE6-8105-28AB4AA1783E}.Debug|x64.ActiveCfg = Debug|Any CPU
		{6917D92F-B098-4AE6-8105-28AB4AA1783E}.Debug|x64.Build.0 = Debug|Any CPU
		{6917D92F-B098-4AE6-8105-28AB4AA1783E}.Debug|x86.ActiveCfg = Debug|Any CPU
		{6917D92F-B098-4AE6-8105-28AB4AA1783E}.Debug|x86.Build.0 = Debug|Any CPU
		{6917D92F-B098-4AE6-8105-28AB4AA1783E}.Release|Any CPU.ActiveCfg = Release|Any CPU
		{6917D92F-B098-4AE6-8105-28AB4AA1783E}.Release|Any CPU.Build.0 = Release|Any CPU
		{6917D92F-B098-4AE6-8105-28AB4AA1783E}.Release|x64.ActiveCfg = Release|Any CPU
		{6917D92F-B098-4AE6-8105-28AB4AA1783E}.Release|x64.Build.0 = Release|Any CPU
		{6917D92F-B098-4AE6-8105-28AB4AA1783E}.Release|x86.ActiveCfg = Release|Any CPU
		{6917D92F-B098-4AE6-8105-28AB4AA1783E}.Release|x86.Build.0 = Release|Any CPU
		{BC94E56B-7CAB-4C9A-BFA0-4C756CC11165}.Debug|Any CPU.ActiveCfg = Debug|Any CPU
		{BC94E56B-7CAB-4C9A-BFA0-4C756CC11165}.Debug|Any CPU.Build.0 = Debug|Any CPU
		{BC94E56B-7CAB-4C9A-BFA0-4C756CC11165}.Debug|x64.ActiveCfg = Debug|Any CPU
		{BC94E56B-7CAB-4C9A-BFA0-4C756CC11165}.Debug|x64.Build.0 = Debug|Any CPU
		{BC94E56B-7CAB-4C9A-BFA0-4C756CC11165}.Debug|x86.ActiveCfg = Debug|Any CPU
		{BC94E56B-7CAB-4C9A-BFA0-4C756CC11165}.Debug|x86.Build.0 = Debug|Any CPU
		{BC94E56B-7CAB-4C9A-BFA0-4C756CC11165}.Release|Any CPU.ActiveCfg = Release|Any CPU
		{BC94E56B-7CAB-4C9A-BFA0-4C756CC11165}.Release|Any CPU.Build.0 = Release|Any CPU
		{BC94E56B-7CAB-4C9A-BFA0-4C756CC11165}.Release|x64.ActiveCfg = Release|Any CPU
		{BC94E56B-7CAB-4C9A-BFA0-4C756CC11165}.Release|x64.Build.0 = Release|Any CPU
		{BC94E56B-7CAB-4C9A-BFA0-4C756CC11165}.Release|x86.ActiveCfg = Release|Any CPU
		{BC94E56B-7CAB-4C9A-BFA0-4C756CC11165}.Release|x86.Build.0 = Release|Any CPU
		{FC9B0919-5F38-4281-BC2D-A80701350FE8}.Debug|Any CPU.ActiveCfg = Debug|Any CPU
		{FC9B0919-5F38-4281-BC2D-A80701350FE8}.Debug|Any CPU.Build.0 = Debug|Any CPU
		{FC9B0919-5F38-4281-BC2D-A80701350FE8}.Debug|x64.ActiveCfg = Debug|Any CPU
		{FC9B0919-5F38-4281-BC2D-A80701350FE8}.Debug|x64.Build.0 = Debug|Any CPU
		{FC9B0919-5F38-4281-BC2D-A80701350FE8}.Debug|x86.ActiveCfg = Debug|Any CPU
		{FC9B0919-5F38-4281-BC2D-A80701350FE8}.Debug|x86.Build.0 = Debug|Any CPU
		{FC9B0919-5F38-4281-BC2D-A80701350FE8}.Release|Any CPU.ActiveCfg = Release|Any CPU
		{FC9B0919-5F38-4281-BC2D-A80701350FE8}.Release|Any CPU.Build.0 = Release|Any CPU
		{FC9B0919-5F38-4281-BC2D-A80701350FE8}.Release|x64.ActiveCfg = Release|Any CPU
		{FC9B0919-5F38-4281-BC2D-A80701350FE8}.Release|x64.Build.0 = Release|Any CPU
		{FC9B0919-5F38-4281-BC2D-A80701350FE8}.Release|x86.ActiveCfg = Release|Any CPU
		{FC9B0919-5F38-4281-BC2D-A80701350FE8}.Release|x86.Build.0 = Release|Any CPU
		{B2B94E8B-8C37-419E-B728-528A40FB24D8}.Debug|Any CPU.ActiveCfg = Debug|Any CPU
		{B2B94E8B-8C37-419E-B728-528A40FB24D8}.Debug|Any CPU.Build.0 = Debug|Any CPU
		{B2B94E8B-8C37-419E-B728-528A40FB24D8}.Debug|x64.ActiveCfg = Debug|Any CPU
		{B2B94E8B-8C37-419E-B728-528A40FB24D8}.Debug|x64.Build.0 = Debug|Any CPU
		{B2B94E8B-8C37-419E-B728-528A40FB24D8}.Debug|x86.ActiveCfg = Debug|Any CPU
		{B2B94E8B-8C37-419E-B728-528A40FB24D8}.Debug|x86.Build.0 = Debug|Any CPU
		{B2B94E8B-8C37-419E-B728-528A40FB24D8}.Release|Any CPU.ActiveCfg = Release|Any CPU
		{B2B94E8B-8C37-419E-B728-528A40FB24D8}.Release|Any CPU.Build.0 = Release|Any CPU
		{B2B94E8B-8C37-419E-B728-528A40FB24D8}.Release|x64.ActiveCfg = Release|Any CPU
		{B2B94E8B-8C37-419E-B728-528A40FB24D8}.Release|x64.Build.0 = Release|Any CPU
		{B2B94E8B-8C37-419E-B728-528A40FB24D8}.Release|x86.ActiveCfg = Release|Any CPU
		{B2B94E8B-8C37-419E-B728-528A40FB24D8}.Release|x86.Build.0 = Release|Any CPU
		{3F0DC02F-EDE3-4A9D-AF4F-B43C94F5C8A0}.Debug|Any CPU.ActiveCfg = Debug|Any CPU
		{3F0DC02F-EDE3-4A9D-AF4F-B43C94F5C8A0}.Debug|Any CPU.Build.0 = Debug|Any CPU
		{3F0DC02F-EDE3-4A9D-AF4F-B43C94F5C8A0}.Debug|x64.ActiveCfg = Debug|Any CPU
		{3F0DC02F-EDE3-4A9D-AF4F-B43C94F5C8A0}.Debug|x64.Build.0 = Debug|Any CPU
		{3F0DC02F-EDE3-4A9D-AF4F-B43C94F5C8A0}.Debug|x86.ActiveCfg = Debug|Any CPU
		{3F0DC02F-EDE3-4A9D-AF4F-B43C94F5C8A0}.Debug|x86.Build.0 = Debug|Any CPU
		{3F0DC02F-EDE3-4A9D-AF4F-B43C94F5C8A0}.Release|Any CPU.ActiveCfg = Release|Any CPU
		{3F0DC02F-EDE3-4A9D-AF4F-B43C94F5C8A0}.Release|Any CPU.Build.0 = Release|Any CPU
		{3F0DC02F-EDE3-4A9D-AF4F-B43C94F5C8A0}.Release|x64.ActiveCfg = Release|Any CPU
		{3F0DC02F-EDE3-4A9D-AF4F-B43C94F5C8A0}.Release|x64.Build.0 = Release|Any CPU
		{3F0DC02F-EDE3-4A9D-AF4F-B43C94F5C8A0}.Release|x86.ActiveCfg = Release|Any CPU
		{3F0DC02F-EDE3-4A9D-AF4F-B43C94F5C8A0}.Release|x86.Build.0 = Release|Any CPU
		{8C19D13C-F7E0-4EF0-85EC-35379C067882}.Debug|Any CPU.ActiveCfg = Debug|Any CPU
		{8C19D13C-F7E0-4EF0-85EC-35379C067882}.Debug|Any CPU.Build.0 = Debug|Any CPU
		{8C19D13C-F7E0-4EF0-85EC-35379C067882}.Debug|x64.ActiveCfg = Debug|Any CPU
		{8C19D13C-F7E0-4EF0-85EC-35379C067882}.Debug|x64.Build.0 = Debug|Any CPU
		{8C19D13C-F7E0-4EF0-85EC-35379C067882}.Debug|x86.ActiveCfg = Debug|Any CPU
		{8C19D13C-F7E0-4EF0-85EC-35379C067882}.Debug|x86.Build.0 = Debug|Any CPU
		{8C19D13C-F7E0-4EF0-85EC-35379C067882}.Release|Any CPU.ActiveCfg = Release|Any CPU
		{8C19D13C-F7E0-4EF0-85EC-35379C067882}.Release|Any CPU.Build.0 = Release|Any CPU
		{8C19D13C-F7E0-4EF0-85EC-35379C067882}.Release|x64.ActiveCfg = Release|Any CPU
		{8C19D13C-F7E0-4EF0-85EC-35379C067882}.Release|x64.Build.0 = Release|Any CPU
		{8C19D13C-F7E0-4EF0-85EC-35379C067882}.Release|x86.ActiveCfg = Release|Any CPU
		{8C19D13C-F7E0-4EF0-85EC-35379C067882}.Release|x86.Build.0 = Release|Any CPU
	EndGlobalSection
	GlobalSection(SolutionProperties) = preSolution
		HideSolutionNode = FALSE
	EndGlobalSection
	GlobalSection(NestedProjects) = preSolution
		{31F2B5C4-AA79-4CC7-86BF-7DCA18228F84} = {827E0CD3-B72D-47B6-A68D-7590B98EB39B}
		{10D3AB95-7108-4416-8CCC-461B8898A0AC} = {827E0CD3-B72D-47B6-A68D-7590B98EB39B}
		{C50E236B-5BAE-41E9-A675-C979B6CE18B1} = {827E0CD3-B72D-47B6-A68D-7590B98EB39B}
		{129CEB28-2035-48DF-8DDF-D194BA53C653} = {827E0CD3-B72D-47B6-A68D-7590B98EB39B}
		{6917D92F-B098-4AE6-8105-28AB4AA1783E} = {827E0CD3-B72D-47B6-A68D-7590B98EB39B}
		{BC94E56B-7CAB-4C9A-BFA0-4C756CC11165} = {827E0CD3-B72D-47B6-A68D-7590B98EB39B}
		{FC9B0919-5F38-4281-BC2D-A80701350FE8} = {0AB3BF05-4346-4AA6-1389-037BE0695223}
		{B2B94E8B-8C37-419E-B728-528A40FB24D8} = {0AB3BF05-4346-4AA6-1389-037BE0695223}
		{3F0DC02F-EDE3-4A9D-AF4F-B43C94F5C8A0} = {0AB3BF05-4346-4AA6-1389-037BE0695223}
		{8C19D13C-F7E0-4EF0-85EC-35379C067882} = {0AB3BF05-4346-4AA6-1389-037BE0695223}
	EndGlobalSection
EndGlobal
